
Microsoft Visual Studio Solution File, Format Version 12.00
# Visual Studio Version 16
VisualStudioVersion = 16.0.30002.166
MinimumVisualStudioVersion = 10.0.40219.1
Project("{FAE04EC0-301F-11D3-BF4B-00C04F79EFBC}") = "WindowsFormsApp1", "WindowsFormsApp1\WindowsFormsApp1.csproj", "{395D0E2E-88FC-4940-A847-9B787D36693C}"
EndProject
Global
	GlobalSection(SolutionConfigurationPlatforms) = preSolution
		Debug|Any CPU = Debug|Any CPU
		Release|Any CPU = Release|Any CPU
	EndGlobalSection
	GlobalSection(ProjectConfigurationPlatforms) = postSolution
		{395D0E2E-88FC-4940-A847-9B787D36693C}.Debug|Any CPU.ActiveCfg = Debug|Any CPU
		{395D0E2E-88FC-4940-A847-9B787D36693C}.Debug|Any CPU.Build.0 = Debug|Any CPU
		{395D0E2E-88FC-4940-A847-9B787D36693C}.Release|Any CPU.ActiveCfg = Release|Any CPU
		{395D0E2E-88FC-4940-A847-9B787D36693C}.Release|Any CPU.Build.0 = Release|Any CPU
	EndGlobalSection
	GlobalSection(SolutionProperties) = preSolution
		HideSolutionNode = FALSE
	EndGlobalSection
	GlobalSection(ExtensibilityGlobals) = postSolution
		SolutionGuid = {5785017D-834B-4F82-ABC1-D6E8B6726A98}
	EndGlobalSection
EndGlobal
