
Microsoft Visual Studio Solution File, Format Version 12.00
# Visual Studio Version 16
VisualStudioVersion = 16.0.30204.135
MinimumVisualStudioVersion = 10.0.40219.1
Project("{FAE04EC0-301F-11D3-BF4B-00C04F79EFBC}") = "QuanLyThuHocPhi", "QuanLyThuHocPhi\QuanLyThuHocPhi.csproj", "{62756E97-5D11-4489-8B0E-DB7640803C92}"
EndProject
Global
	GlobalSection(SolutionConfigurationPlatforms) = preSolution
		Debug|Any CPU = Debug|Any CPU
		Release|Any CPU = Release|Any CPU
	EndGlobalSection
	GlobalSection(ProjectConfigurationPlatforms) = postSolution
		{62756E97-5D11-4489-8B0E-DB7640803C92}.Debug|Any CPU.ActiveCfg = Debug|Any CPU
		{62756E97-5D11-4489-8B0E-DB7640803C92}.Debug|Any CPU.Build.0 = Debug|Any CPU
		{62756E97-5D11-4489-8B0E-DB7640803C92}.Release|Any CPU.ActiveCfg = Release|Any CPU
		{62756E97-5D11-4489-8B0E-DB7640803C92}.Release|Any CPU.Build.0 = Release|Any CPU
	EndGlobalSection
	GlobalSection(SolutionProperties) = preSolution
		HideSolutionNode = FALSE
	EndGlobalSection
	GlobalSection(ExtensibilityGlobals) = postSolution
		SolutionGuid = {4C106702-D4B9-4A24-99EB-DDFF717EE044}
	EndGlobalSection
EndGlobal
